
Microsoft Visual Studio Solution File, Format Version 12.00
# Visual Studio Version 17
VisualStudioVersion = 17.13.35825.156 d17.13
MinimumVisualStudioVersion = 10.0.40219.1
Project("{FAE04EC0-301F-11D3-BF4B-00C04F79EFBC}") = "MovieCatalogAPI", "MovieCatalogAPI\MovieCatalogAPI.csproj", "{5A5DA4FB-E010-4E83-8A2C-D695B050705F}"
EndProject
Project("{FAE04EC0-301F-11D3-BF4B-00C04F79EFBC}") = "MovieCatalogAPI.Data", "MovieCatalogAPI.Data\MovieCatalogAPI.Data.csproj", "{9379F77C-A827-4E74-B047-C796ED542D46}"
EndProject
Project("{FAE04EC0-301F-11D3-BF4B-00C04F79EFBC}") = "MovieCatalogAPI.Domain", "MovieCatalogAPI.Domain\MovieCatalogAPI.Domain.csproj", "{3A0DB343-1F8D-49F4-9251-DD0D137782C2}"
EndProject
Project("{FAE04EC0-301F-11D3-BF4B-00C04F79EFBC}") = "MovieCatalogAPI.DTO", "MovieCatalogAPI.DTO\MovieCatalogAPI.DTO.csproj", "{3E26FFD7-7451-4A9F-87F3-8ED0F387ADFC}"
EndProject
Global
	GlobalSection(SolutionConfigurationPlatforms) = preSolution
		Debug|Any CPU = Debug|Any CPU
		Release|Any CPU = Release|Any CPU
	EndGlobalSection
	GlobalSection(ProjectConfigurationPlatforms) = postSolution
		{5A5DA4FB-E010-4E83-8A2C-D695B050705F}.Debug|Any CPU.ActiveCfg = Debug|Any CPU
		{5A5DA4FB-E010-4E83-8A2C-D695B050705F}.Debug|Any CPU.Build.0 = Debug|Any CPU
		{5A5DA4FB-E010-4E83-8A2C-D695B050705F}.Release|Any CPU.ActiveCfg = Release|Any CPU
		{5A5DA4FB-E010-4E83-8A2C-D695B050705F}.Release|Any CPU.Build.0 = Release|Any CPU
		{9379F77C-A827-4E74-B047-C796ED542D46}.Debug|Any CPU.ActiveCfg = Debug|Any CPU
		{9379F77C-A827-4E74-B047-C796ED542D46}.Debug|Any CPU.Build.0 = Debug|Any CPU
		{9379F77C-A827-4E74-B047-C796ED542D46}.Release|Any CPU.ActiveCfg = Release|Any CPU
		{9379F77C-A827-4E74-B047-C796ED542D46}.Release|Any CPU.Build.0 = Release|Any CPU
		{3A0DB343-1F8D-49F4-9251-DD0D137782C2}.Debug|Any CPU.ActiveCfg = Debug|Any CPU
		{3A0DB343-1F8D-49F4-9251-DD0D137782C2}.Debug|Any CPU.Build.0 = Debug|Any CPU
		{3A0DB343-1F8D-49F4-9251-DD0D137782C2}.Release|Any CPU.ActiveCfg = Release|Any CPU
		{3A0DB343-1F8D-49F4-9251-DD0D137782C2}.Release|Any CPU.Build.0 = Release|Any CPU
		{3E26FFD7-7451-4A9F-87F3-8ED0F387ADFC}.Debug|Any CPU.ActiveCfg = Debug|Any CPU
		{3E26FFD7-7451-4A9F-87F3-8ED0F387ADFC}.Debug|Any CPU.Build.0 = Debug|Any CPU
		{3E26FFD7-7451-4A9F-87F3-8ED0F387ADFC}.Release|Any CPU.ActiveCfg = Release|Any CPU
		{3E26FFD7-7451-4A9F-87F3-8ED0F387ADFC}.Release|Any CPU.Build.0 = Release|Any CPU
	EndGlobalSection
	GlobalSection(SolutionProperties) = preSolution
		HideSolutionNode = FALSE
	EndGlobalSection
	GlobalSection(ExtensibilityGlobals) = postSolution
		SolutionGuid = {DD4E150D-ACC4-4680-8DFA-0285ED04217C}
	EndGlobalSection
EndGlobal
